lockfileVersion: 5.3

specifiers:
  '@binance/connector': ^1.7.0
  minimist: ^1.2.5

dependencies:
  '@binance/connector': 1.7.0
  minimist: 1.2.5

packages:

  /@binance/connector/1.7.0:
    resolution: {integrity: sha512-pt2mOp13BVgsozbVlLWqRZ8EyMGBMebZ0z4UXU9GMVdIo3PzPsQKD4LxI/6So9PJ1vejTaaGu85eoV29thHrDg==, tarball: '@binance/connector/download/@binance/connector-1.7.0.tgz'}
    engines: {node: '>=12.22.3', npm: '>=6.14.13'}
    dependencies:
      axios: 0.21.4
      ws: 7.5.6
    transitivePeerDependencies:
      - bufferutil
      - debug
      - utf-8-validate
    dev: false

  /axios/0.21.4:
    resolution: {integrity: sha512-ut5vewkiu8jjGBdqpM44XxjuCjq9LAKeHVmoVfHVzy8eHgxxq8SbAVQNovDA8mVi05kP0Ea/n/UzcSHcTJQfNg==, tarball: axios/download/axios-0.21.4.tgz}
    dependencies:
      follow-redirects: 1.14.7
    transitivePeerDependencies:
      - debug
    dev: false

  /follow-redirects/1.14.7:
    resolution: {integrity: sha512-+hbxoLbFMbRKDwohX8GkTataGqO6Jb7jGwpAlwgy2bIz25XtRm7KEzJM76R1WiNT5SwZkX4Y75SwBolkpmE7iQ==, tarball: follow-redirects/download/follow-redirects-1.14.7.tgz}
    engines: {node: '>=4.0'}
    peerDependencies:
      debug: '*'
    peerDependenciesMeta:
      debug:
        optional: true
    dev: false

  /minimist/1.2.5:
    resolution: {integrity: sha512-FM9nNUYrRBAELZQT3xeZQ7fmMOBg6nWNmJKTcgsJeaLstP/UODVpGsr5OhXhhXg6f+qtJ8uiZ+PUxkDWcgIXLw==}
    dev: false

  /ws/7.5.6:
    resolution: {integrity: sha512-6GLgCqo2cy2A2rjCNFlxQS6ZljG/coZfZXclldI8FB/1G3CCI36Zd8xy2HrFVACi8tfk5XrgLQEk+P0Tnz9UcA==, tarball: ws/download/ws-7.5.6.tgz}
    engines: {node: '>=8.3.0'}
    peerDependencies:
      bufferutil: ^4.0.1
      utf-8-validate: ^5.0.2
    peerDependenciesMeta:
      bufferutil:
        optional: true
      utf-8-validate:
        optional: true
    dev: false
